{
  "name": "finalsim2",
  "lockfileVersion": 3,
  "requires": true,
  "packages": {
    "": {
      "dependencies": {
        "prettytable": "^0.3.1"
      }
    },
    "node_modules/csv-parse": {
      "version": "5.5.6",
      "resolved": "https://registry.npmjs.org/csv-parse/-/csv-parse-5.5.6.tgz",
      "integrity": "sha512-uNpm30m/AGSkLxxy7d9yRXpJQFrZzVWLFBkS+6ngPcZkw/5k3L/jjFuj7tVnEpRn+QgmiXr21nDlhCiUK4ij2A==",
      "license": "MIT"
    },
    "node_modules/prettytable": {
      "version": "0.3.1",
      "resolved": "https://registry.npmjs.org/prettytable/-/prettytable-0.3.1.tgz",
      "integrity": "sha512-gQNaAPovyDhe/D0ziwad9ULsKcTvOdgv7iIxOSxGWunMaWYdXJLZNdF0Kmke9rn6qPScn/ipbtTlj/X3H3allg==",
      "license": "MIT",
      "dependencies": {
        "csv-parse": "latest"
      }
    }
  }
}
